
Microsoft Visual Studio Solution File, Format Version 12.00
# Visual Studio Version 17
VisualStudioVersion = 17.11.35327.3
MinimumVisualStudioVersion = 10.0.40219.1
Project("{9A19103F-16F7-4668-BE54-9A1E7A4F7556}") = "QuestionForge.EntidadesDeNegocio", "QuestionForge.EntidadesDeNegocio\QuestionForge.EntidadesDeNegocio.csproj", "{70F76344-EF95-4941-AA22-236F45DB56DB}"
EndProject
Project("{9A19103F-16F7-4668-BE54-9A1E7A4F7556}") = "QuestionForge.AccesoADatos", "QuestionForge.AccesoADatos\QuestionForge.AccesoADatos.csproj", "{6CF4C82D-34CF-449F-B1C4-000F628D9C80}"
EndProject
Project("{9A19103F-16F7-4668-BE54-9A1E7A4F7556}") = "QuestionForge.LogicaDeNegocio", "QuestionForge.LogicaDeNegocio\QuestionForge.LogicaDeNegocio.csproj", "{9A462C93-7AB4-4232-82B8-A1BA8CE2FCDE}"
EndProject
Project("{FAE04EC0-301F-11D3-BF4B-00C04F79EFBC}") = "QuestionForge.WebAPI", "QuestionForge.WebAPI\QuestionForge.WebAPI.csproj", "{6BE82F18-5EF8-4FFA-AFDA-DEE176B4BB65}"
EndProject
Global
	GlobalSection(SolutionConfigurationPlatforms) = preSolution
		Debug|Any CPU = Debug|Any CPU
		Release|Any CPU = Release|Any CPU
	EndGlobalSection
	GlobalSection(ProjectConfigurationPlatforms) = postSolution
		{70F76344-EF95-4941-AA22-236F45DB56DB}.Debug|Any CPU.ActiveCfg = Debug|Any CPU
		{70F76344-EF95-4941-AA22-236F45DB56DB}.Debug|Any CPU.Build.0 = Debug|Any CPU
		{70F76344-EF95-4941-AA22-236F45DB56DB}.Release|Any CPU.ActiveCfg = Release|Any CPU
		{70F76344-EF95-4941-AA22-236F45DB56DB}.Release|Any CPU.Build.0 = Release|Any CPU
		{6CF4C82D-34CF-449F-B1C4-000F628D9C80}.Debug|Any CPU.ActiveCfg = Debug|Any CPU
		{6CF4C82D-34CF-449F-B1C4-000F628D9C80}.Debug|Any CPU.Build.0 = Debug|Any CPU
		{6CF4C82D-34CF-449F-B1C4-000F628D9C80}.Release|Any CPU.ActiveCfg = Release|Any CPU
		{6CF4C82D-34CF-449F-B1C4-000F628D9C80}.Release|Any CPU.Build.0 = Release|Any CPU
		{9A462C93-7AB4-4232-82B8-A1BA8CE2FCDE}.Debug|Any CPU.ActiveCfg = Debug|Any CPU
		{9A462C93-7AB4-4232-82B8-A1BA8CE2FCDE}.Debug|Any CPU.Build.0 = Debug|Any CPU
		{9A462C93-7AB4-4232-82B8-A1BA8CE2FCDE}.Release|Any CPU.ActiveCfg = Release|Any CPU
		{9A462C93-7AB4-4232-82B8-A1BA8CE2FCDE}.Release|Any CPU.Build.0 = Release|Any CPU
		{6BE82F18-5EF8-4FFA-AFDA-DEE176B4BB65}.Debug|Any CPU.ActiveCfg = Debug|Any CPU
		{6BE82F18-5EF8-4FFA-AFDA-DEE176B4BB65}.Debug|Any CPU.Build.0 = Debug|Any CPU
		{6BE82F18-5EF8-4FFA-AFDA-DEE176B4BB65}.Release|Any CPU.ActiveCfg = Release|Any CPU
		{6BE82F18-5EF8-4FFA-AFDA-DEE176B4BB65}.Release|Any CPU.Build.0 = Release|Any CPU
	EndGlobalSection
	GlobalSection(SolutionProperties) = preSolution
		HideSolutionNode = FALSE
	EndGlobalSection
	GlobalSection(ExtensibilityGlobals) = postSolution
		SolutionGuid = {673C575A-1897-4802-805C-C0E48210DD0A}
	EndGlobalSection
EndGlobal
